
Microsoft Visual Studio Solution File, Format Version 12.00
# Visual Studio 15
VisualStudioVersion = 15.0.26430.13
MinimumVisualStudioVersion = 10.0.40219.1
Project("{FAE04EC0-301F-11D3-BF4B-00C04F79EFBC}") = "NAVObjectCompare", "NAVObjectCompare\NAVObjectCompare.csproj", "{63EB0AEB-837A-4687-A279-C418F30E9427}"
EndProject
Project("{FAE04EC0-301F-11D3-BF4B-00C04F79EFBC}") = "NAVObjectCompareClient", "NAVObjectCompareWinClient\NAVObjectCompareClient.csproj", "{4ACFB603-2C3D-440A-B202-DD2D2EC04774}"
EndProject
Project("{FAE04EC0-301F-11D3-BF4B-00C04F79EFBC}") = "NavObjectCompareTests", "NavObjectCompareTests\NavObjectCompareTests.csproj", "{98BD3F18-EF4C-4ED0-A99A-14C4A539FCD3}"
EndProject
Global
	GlobalSection(SolutionConfigurationPlatforms) = preSolution
		Debug|Any CPU = Debug|Any CPU
		Release|Any CPU = Release|Any CPU
	EndGlobalSection
	GlobalSection(ProjectConfigurationPlatforms) = postSolution
		{63EB0AEB-837A-4687-A279-C418F30E9427}.Debug|Any CPU.ActiveCfg = Debug|Any CPU
		{63EB0AEB-837A-4687-A279-C418F30E9427}.Debug|Any CPU.Build.0 = Debug|Any CPU
		{63EB0AEB-837A-4687-A279-C418F30E9427}.Release|Any CPU.ActiveCfg = Release|Any CPU
		{63EB0AEB-837A-4687-A279-C418F30E9427}.Release|Any CPU.Build.0 = Release|Any CPU
		{4ACFB603-2C3D-440A-B202-DD2D2EC04774}.Debug|Any CPU.ActiveCfg = Debug|Any CPU
		{4ACFB603-2C3D-440A-B202-DD2D2EC04774}.Debug|Any CPU.Build.0 = Debug|Any CPU
		{4ACFB603-2C3D-440A-B202-DD2D2EC04774}.Release|Any CPU.ActiveCfg = Release|Any CPU
		{4ACFB603-2C3D-440A-B202-DD2D2EC04774}.Release|Any CPU.Build.0 = Release|Any CPU
		{98BD3F18-EF4C-4ED0-A99A-14C4A539FCD3}.Debug|Any CPU.ActiveCfg = Debug|Any CPU
		{98BD3F18-EF4C-4ED0-A99A-14C4A539FCD3}.Debug|Any CPU.Build.0 = Debug|Any CPU
		{98BD3F18-EF4C-4ED0-A99A-14C4A539FCD3}.Release|Any CPU.ActiveCfg = Release|Any CPU
		{98BD3F18-EF4C-4ED0-A99A-14C4A539FCD3}.Release|Any CPU.Build.0 = Release|Any CPU
	EndGlobalSection
	GlobalSection(SolutionProperties) = preSolution
		HideSolutionNode = FALSE
	EndGlobalSection
EndGlobal
